<?xml version="1.0" encoding="utf-8"?>
<Project ToolsVersion="4.0" xmlns="http://schemas.microsoft.com/developer/msbuild/2003">
  <ItemGroup>
    <Filter Include="Source Files">
      <UniqueIdentifier>{4FC737F1-C7A5-4376-A066-2A32D752A2FF}</UniqueIdentifier>
      <Extensions>cpp;c;cc;cxx;def;odl;idl;hpj;bat;asm;asmx</Extensions>
    </Filter>
    <Filter Include="Header Files">
      <UniqueIdentifier>{93995380-89BD-4b04-88EB-625FBE52EBFB}</UniqueIdentifier>
      <Extensions>h;hpp;hxx;hm;inl;inc;xsd</Extensions>
    </Filter>
    <Filter Include="Resource Files">
      <UniqueIdentifier>{67DA6AB6-F800-4c08-8B7A-83BB121AAD01}</UniqueIdentifier>
      <Extensions>rc;ico;cur;bmp;dlg;rc2;rct;bin;rgs;gif;jpg;jpeg;jpe;resx;tiff;tif;png;wav;mfcribbon-ms</Extensions>
    </Filter>
    <Filter Include="Common">
      <UniqueIdentifier>{317fe6aa-1de2-4d2b-89cc-583557f238ff}</UniqueIdentifier>
    </Filter>
    <Filter Include="Common\Header Files">
      <UniqueIdentifier>{163de372-7990-4796-bdf3-f3581669403c}</UniqueIdentifier>
    </Filter>
    <Filter Include="Common\Source Files">
      <UniqueIdentifier>{b686f4d5-6b3d-437e-874e-eb326b8aafd8}</UniqueIdentifier>
    </Filter>
    <Filter Include="Header Files\pathfinding">
      <UniqueIdentifier>{370cc426-3bb2-4fa1-a418-e8a82b3c7bbb}</UniqueIdentifier>
    </Filter>
    <Filter Include="Source Files\pathfinding">
      <UniqueIdentifier>{474fbefa-c012-4187-954c-fdb12b4f06d7}</UniqueIdentifier>
    </Filter>
    <Filter Include="Component Steering">
      <UniqueIdentifier>{0461642c-8292-495e-aa3a-a49560fa873d}</UniqueIdentifier>
    </Filter>
    <Filter Include="Component Steering\Header Files">
      <UniqueIdentifier>{664ab9de-e211-4c38-bfd7-12efef064ec1}</UniqueIdentifier>
    </Filter>
    <Filter Include="Component Steering\Source Files">
      <UniqueIdentifier>{403e616d-510c-4dec-ae45-877d901dfd88}</UniqueIdentifier>
    </Filter>
    <Filter Include="Component Steering\Header Files\steering">
      <UniqueIdentifier>{17a59d3a-1c26-4cf7-af78-d81dec5f6585}</UniqueIdentifier>
    </Filter>
    <Filter Include="Component Steering\Source Files\steering">
      <UniqueIdentifier>{4c3fc20b-452e-4e8a-8f35-1d2a5e1c12df}</UniqueIdentifier>
    </Filter>
    <Filter Include="State Machine">
      <UniqueIdentifier>{ef52d0a2-118d-4e35-a62c-6611f91d26dc}</UniqueIdentifier>
    </Filter>
    <Filter Include="State Machine\Header Files">
      <UniqueIdentifier>{31168d50-df99-4252-88f0-9e0bae9bab63}</UniqueIdentifier>
    </Filter>
    <Filter Include="State Machine\Source Files">
      <UniqueIdentifier>{6eb908e0-162b-4587-9aec-3c7369e53306}</UniqueIdentifier>
    </Filter>
  </ItemGroup>
  <ItemGroup>
    <ClInclude Include="..\common\Game.h">
      <Filter>Common\Header Files</Filter>
    </ClInclude>
    <ClInclude Include="..\common\GraphicsBuffer.h">
      <Filter>Common\Header Files</Filter>
    </ClInclude>
    <ClInclude Include="..\common\GraphicsSystem.h">
      <Filter>Common\Header Files</Filter>
    </ClInclude>
    <ClInclude Include="..\common\Grid.h">
      <Filter>Common\Header Files</Filter>
    </ClInclude>
    <ClInclude Include="..\common\Sprite.h">
      <Filter>Common\Header Files</Filter>
    </ClInclude>
    <ClInclude Include="GameMessage.h">
      <Filter>Header Files</Filter>
    </ClInclude>
    <ClInclude Include="GameMessageManager.h">
      <Filter>Header Files</Filter>
    </ClInclude>
    <ClInclude Include="GameApp.h">
      <Filter>Header Files</Filter>
    </ClInclude>
    <ClInclude Include="Connection.h">
      <Filter>Header Files\pathfinding</Filter>
    </ClInclude>
    <ClInclude Include="Graph.h">
      <Filter>Header Files\pathfinding</Filter>
    </ClInclude>
    <ClInclude Include="Node.h">
      <Filter>Header Files\pathfinding</Filter>
    </ClInclude>
    <ClInclude Include="GridGraph.h">
      <Filter>Header Files\pathfinding</Filter>
    </ClInclude>
    <ClInclude Include="Path.h">
      <Filter>Header Files\pathfinding</Filter>
    </ClInclude>
    <ClInclude Include="Pathfinder.h">
      <Filter>Header Files\pathfinding</Filter>
    </ClInclude>
    <ClInclude Include="DepthFirstPathfinder.h">
      <Filter>Header Files\pathfinding</Filter>
    </ClInclude>
    <ClInclude Include="..\common\GridVisualizer.h">
      <Filter>Common\Header Files</Filter>
    </ClInclude>
    <ClInclude Include="PathToMessage.h">
      <Filter>Header Files</Filter>
    </ClInclude>
    <ClInclude Include="GridPathfinder.h">
      <Filter>Header Files\pathfinding</Filter>
    </ClInclude>
    <ClInclude Include="InputManager.h">
      <Filter>Header Files</Filter>
    </ClInclude>
    <ClInclude Include="KeyDownMessage.h">
      <Filter>Header Files</Filter>
    </ClInclude>
    <ClInclude Include="..\common\SpriteManager.h">
      <Filter>Common\Header Files</Filter>
    </ClInclude>
    <ClInclude Include="..\common\GraphicsBufferManager.h">
      <Filter>Common\Header Files</Filter>
    </ClInclude>
    <ClInclude Include="DebugContent.h">
      <Filter>Header Files</Filter>
    </ClInclude>
    <ClInclude Include="DebugDisplay.h">
      <Filter>Header Files</Filter>
    </ClInclude>
    <ClInclude Include="PathfindingDebugContent.h">
      <Filter>Header Files</Filter>
    </ClInclude>
    <ClInclude Include="..\common\Color.h">
      <Filter>Common\Header Files</Filter>
    </ClInclude>
    <ClInclude Include="..\common\Renderer.h">
      <Filter>Common\Header Files</Filter>
    </ClInclude>
    <ClInclude Include="..\common\Font.h">
      <Filter>Common\Header Files</Filter>
    </ClInclude>
    <ClInclude Include="DijkstraPathfinder.h">
      <Filter>Header Files\pathfinding</Filter>
    </ClInclude>
    <ClInclude Include="PriorityQueue.h">
      <Filter>Header Files</Filter>
    </ClInclude>
    <ClInclude Include="NodeRecord.h">
      <Filter>Header Files\pathfinding</Filter>
    </ClInclude>
    <ClInclude Include="AStarPathfinder.h">
      <Filter>Header Files\pathfinding</Filter>
    </ClInclude>
    <ClInclude Include="..\common\Event.h">
      <Filter>Common\Header Files</Filter>
    </ClInclude>
    <ClInclude Include="..\common\EventListener.h">
      <Filter>Common\Header Files</Filter>
    </ClInclude>
    <ClInclude Include="..\common\EventSystem.h">
      <Filter>Common\Header Files</Filter>
    </ClInclude>
    <ClInclude Include="..\common\InputSystem.h">
      <Filter>Common\Header Files</Filter>
    </ClInclude>
    <ClInclude Include="..\common\MouseEvent.h">
      <Filter>Common\Header Files</Filter>
    </ClInclude>
    <ClInclude Include="component steering\Component.h">
      <Filter>Component Steering\Header Files</Filter>
    </ClInclude>
    <ClInclude Include="component steering\ComponentManager.h">
      <Filter>Component Steering\Header Files</Filter>
    </ClInclude>
    <ClInclude Include="component steering\PositionComponent.h">
      <Filter>Component Steering\Header Files</Filter>
    </ClInclude>
    <ClInclude Include="component steering\SteeringComponent.h">
      <Filter>Component Steering\Header Files</Filter>
    </ClInclude>
    <ClInclude Include="component steering\Unit.h">
      <Filter>Component Steering\Header Files</Filter>
    </ClInclude>
    <ClInclude Include="component steering\UnitManager.h">
      <Filter>Component Steering\Header Files</Filter>
    </ClInclude>
    <ClInclude Include="component steering\PhysicsComponent.h">
      <Filter>Component Steering\Header Files</Filter>
    </ClInclude>
    <ClInclude Include="component steering\Steering.h">
      <Filter>Component Steering\Header Files\steering</Filter>
    </ClInclude>
    <ClInclude Include="..\common\Defines.h">
      <Filter>Common\Header Files</Filter>
    </ClInclude>
    <ClInclude Include="component steering\AlignSteering.h">
      <Filter>Component Steering\Header Files\steering</Filter>
    </ClInclude>
    <ClInclude Include="component steering\ArriveFace.h">
      <Filter>Component Steering\Header Files\steering</Filter>
    </ClInclude>
    <ClInclude Include="component steering\ArriveSteering.h">
      <Filter>Component Steering\Header Files\steering</Filter>
    </ClInclude>
    <ClInclude Include="component steering\FaceSteering.h">
      <Filter>Component Steering\Header Files\steering</Filter>
    </ClInclude>
    <ClInclude Include="component steering\SeekSteering.h">
      <Filter>Component Steering\Header Files\steering</Filter>
    </ClInclude>
    <ClInclude Include="PathSteering.h">
      <Filter>Header Files\pathfinding</Filter>
    </ClInclude>
    <ClInclude Include="PathPool.h">
      <Filter>Header Files</Filter>
    </ClInclude>
    <ClInclude Include="PathSmooth.h">
      <Filter>Header Files\pathfinding</Filter>
    </ClInclude>
    <ClInclude Include="state machine\BaseAction.h">
      <Filter>State Machine\Header Files</Filter>
    </ClInclude>
    <ClInclude Include="state machine\DecisionTreeHelpers.h">
      <Filter>State Machine\Header Files</Filter>
    </ClInclude>
    <ClInclude Include="state machine\StateMachine.h">
      <Filter>State Machine\Header Files</Filter>
    </ClInclude>
    <ClInclude Include="IdleState.h">
      <Filter>State Machine\Header Files</Filter>
    </ClInclude>
    <ClInclude Include="WanderState.h">
      <Filter>State Machine\Header Files</Filter>
    </ClInclude>
    <ClInclude Include="ChaseState.h">
      <Filter>State Machine\Header Files</Filter>
    </ClInclude>
    <ClInclude Include="FleeState.h">
      <Filter>State Machine\Header Files</Filter>
    </ClInclude>
    <ClInclude Include="UnitStateMachine.h">
      <Filter>State Machine\Header Files</Filter>
    </ClInclude>
    <ClInclude Include="Collider.h">
      <Filter>Header Files</Filter>
    </ClInclude>
    <ClInclude Include="Player.h">
      <Filter>Header Files</Filter>
    </ClInclude>
    <ClInclude Include="CoinManager.h">
      <Filter>Header Files</Filter>
    </ClInclude>
    <ClInclude Include="EmptyState.h">
      <Filter>State Machine\Header Files</Filter>
    </ClInclude>
    <ClInclude Include="EnemyPool.h">
      <Filter>Header Files</Filter>
    </ClInclude>
    <ClInclude Include="ScoreboardContent.h">
      <Filter>Header Files</Filter>
    </ClInclude>
  </ItemGroup>
  <ItemGroup>
    <ClCompile Include="..\common\Game.cpp">
      <Filter>Common\Source Files</Filter>
    </ClCompile>
    <ClCompile Include="..\common\GraphicsBuffer.cpp">
      <Filter>Common\Source Files</Filter>
    </ClCompile>
    <ClCompile Include="..\common\GraphicsSystem.cpp">
      <Filter>Common\Source Files</Filter>
    </ClCompile>
    <ClCompile Include="..\common\Grid.cpp">
      <Filter>Common\Source Files</Filter>
    </ClCompile>
    <ClCompile Include="..\common\Sprite.cpp">
      <Filter>Common\Source Files</Filter>
    </ClCompile>
    <ClCompile Include="GameMessage.cpp">
      <Filter>Source Files</Filter>
    </ClCompile>
    <ClCompile Include="GameMessageManager.cpp">
      <Filter>Source Files</Filter>
    </ClCompile>
    <ClCompile Include="main.cpp">
      <Filter>Source Files</Filter>
    </ClCompile>
    <ClCompile Include="GameApp.cpp">
      <Filter>Source Files</Filter>
    </ClCompile>
    <ClCompile Include="Graph.cpp">
      <Filter>Source Files\pathfinding</Filter>
    </ClCompile>
    <ClCompile Include="Connection.cpp">
      <Filter>Source Files\pathfinding</Filter>
    </ClCompile>
    <ClCompile Include="Node.cpp">
      <Filter>Source Files\pathfinding</Filter>
    </ClCompile>
    <ClCompile Include="GridGraph.cpp">
      <Filter>Source Files\pathfinding</Filter>
    </ClCompile>
    <ClCompile Include="Path.cpp">
      <Filter>Source Files\pathfinding</Filter>
    </ClCompile>
    <ClCompile Include="Pathfinder.cpp">
      <Filter>Source Files\pathfinding</Filter>
    </ClCompile>
    <ClCompile Include="DepthFirstPathfinder.cpp">
      <Filter>Source Files\pathfinding</Filter>
    </ClCompile>
    <ClCompile Include="..\common\GridVisualizer.cpp">
      <Filter>Common\Source Files</Filter>
    </ClCompile>
    <ClCompile Include="PathToMessage.cpp">
      <Filter>Source Files</Filter>
    </ClCompile>
    <ClCompile Include="GridPathfinder.cpp">
      <Filter>Source Files\pathfinding</Filter>
    </ClCompile>
    <ClCompile Include="..\common\SpriteManager.cpp">
      <Filter>Common\Source Files</Filter>
    </ClCompile>
    <ClCompile Include="..\common\GraphicsBufferManager.cpp">
      <Filter>Common\Source Files</Filter>
    </ClCompile>
    <ClCompile Include="DebugDisplay.cpp">
      <Filter>Source Files</Filter>
    </ClCompile>
    <ClCompile Include="PathfindingDebugContent.cpp">
      <Filter>Source Files</Filter>
    </ClCompile>
    <ClCompile Include="InputManager.cpp">
      <Filter>Source Files</Filter>
    </ClCompile>
    <ClCompile Include="KeyDownMessage.cpp">
      <Filter>Source Files</Filter>
    </ClCompile>
    <ClCompile Include="..\common\Color.cpp">
      <Filter>Common\Source Files</Filter>
    </ClCompile>
    <ClCompile Include="..\common\Renderer.cpp">
      <Filter>Common\Source Files</Filter>
    </ClCompile>
    <ClCompile Include="..\common\Font.cpp">
      <Filter>Common\Source Files</Filter>
    </ClCompile>
    <ClCompile Include="DijkstraPathfinder.cpp">
      <Filter>Source Files\pathfinding</Filter>
    </ClCompile>
    <ClCompile Include="AStarPathfinder.cpp">
      <Filter>Source Files\pathfinding</Filter>
    </ClCompile>
    <ClCompile Include="..\common\Event.cpp">
      <Filter>Common\Source Files</Filter>
    </ClCompile>
    <ClCompile Include="..\common\EventListener.cpp">
      <Filter>Common\Source Files</Filter>
    </ClCompile>
    <ClCompile Include="..\common\EventSystem.cpp">
      <Filter>Common\Source Files</Filter>
    </ClCompile>
    <ClCompile Include="..\common\InputSystem.cpp">
      <Filter>Common\Source Files</Filter>
    </ClCompile>
    <ClCompile Include="..\common\MouseEvent.cpp">
      <Filter>Common\Source Files</Filter>
    </ClCompile>
    <ClCompile Include="component steering\Component.cpp">
      <Filter>Component Steering\Source Files</Filter>
    </ClCompile>
    <ClCompile Include="component steering\ComponentManager.cpp">
      <Filter>Component Steering\Source Files</Filter>
    </ClCompile>
    <ClCompile Include="component steering\PositionComponent.cpp">
      <Filter>Component Steering\Source Files</Filter>
    </ClCompile>
    <ClCompile Include="component steering\SteeringComponent.cpp">
      <Filter>Component Steering\Source Files</Filter>
    </ClCompile>
    <ClCompile Include="component steering\Unit.cpp">
      <Filter>Component Steering\Source Files</Filter>
    </ClCompile>
    <ClCompile Include="component steering\UnitManager.cpp">
      <Filter>Component Steering\Source Files</Filter>
    </ClCompile>
    <ClCompile Include="component steering\PhysicsComponent.cpp">
      <Filter>Component Steering\Source Files</Filter>
    </ClCompile>
    <ClCompile Include="component steering\Steering.cpp">
      <Filter>Component Steering\Source Files\steering</Filter>
    </ClCompile>
    <ClCompile Include="component steering\AlignSteering.cpp">
      <Filter>Component Steering\Source Files\steering</Filter>
    </ClCompile>
    <ClCompile Include="component steering\ArriveFace.cpp">
      <Filter>Component Steering\Source Files\steering</Filter>
    </ClCompile>
    <ClCompile Include="component steering\ArriveSteering.cpp">
      <Filter>Component Steering\Source Files\steering</Filter>
    </ClCompile>
    <ClCompile Include="component steering\FaceSteering.cpp">
      <Filter>Component Steering\Source Files\steering</Filter>
    </ClCompile>
    <ClCompile Include="component steering\SeekSteering.cpp">
      <Filter>Component Steering\Source Files\steering</Filter>
    </ClCompile>
    <ClCompile Include="PathSteering.cpp">
      <Filter>Source Files\pathfinding</Filter>
    </ClCompile>
    <ClCompile Include="PathPool.cpp">
      <Filter>Source Files</Filter>
    </ClCompile>
    <ClCompile Include="PathSmooth.cpp">
      <Filter>Source Files\pathfinding</Filter>
    </ClCompile>
    <ClCompile Include="IdleState.cpp">
      <Filter>State Machine\Source Files</Filter>
    </ClCompile>
    <ClCompile Include="FleeState.cpp">
      <Filter>State Machine\Source Files</Filter>
    </ClCompile>
    <ClCompile Include="CoinManager.cpp">
      <Filter>Source Files</Filter>
    </ClCompile>
    <ClCompile Include="Collider.cpp">
      <Filter>Source Files</Filter>
    </ClCompile>
    <ClCompile Include="ChaseState.cpp">
      <Filter>State Machine\Source Files</Filter>
    </ClCompile>
    <ClCompile Include="UnitStateMachine.cpp">
      <Filter>State Machine\Source Files</Filter>
    </ClCompile>
    <ClCompile Include="WanderState.cpp">
      <Filter>State Machine\Source Files</Filter>
    </ClCompile>
    <ClCompile Include="state machine\BaseAction.cpp">
      <Filter>State Machine\Source Files</Filter>
    </ClCompile>
    <ClCompile Include="state machine\DecisionTreeHelpers.cpp">
      <Filter>State Machine\Source Files</Filter>
    </ClCompile>
    <ClCompile Include="state machine\StateMachine.cpp">
      <Filter>State Machine\Source Files</Filter>
    </ClCompile>
    <ClCompile Include="Player.cpp">
      <Filter>Source Files</Filter>
    </ClCompile>
    <ClCompile Include="EmptyState.cpp">
      <Filter>State Machine\Source Files</Filter>
    </ClCompile>
    <ClCompile Include="EnemyPool.cpp">
      <Filter>Source Files</Filter>
    </ClCompile>
    <ClCompile Include="ScoreboardContent.cpp">
      <Filter>Source Files</Filter>
    </ClCompile>
  </ItemGroup>
</Project>