
Microsoft Visual Studio Solution File, Format Version 12.00
# Visual Studio 15
VisualStudioVersion = 15.0.26730.12
MinimumVisualStudioVersion = 10.0.40219.1
Project("{8BC9CEB8-8B4A-11D0-8D11-00A0C91BC942}") = "pathfinding", "pathfinding.vcxproj", "{09059697-DB0D-44AE-B867-2437B1E3D875}"
EndProject
Project("{8BC9CEB8-8B4A-11D0-8D11-00A0C91BC942}") = "DeanLib", "..\..\..\DeanLib\DeanLib.vcxproj", "{DB900E08-5331-46D6-B450-6775A2C7C856}"
EndProject
Global
	GlobalSection(SolutionConfigurationPlatforms) = preSolution
		Debug|Win32 = Debug|Win32
		Debug|x64 = Debug|x64
		Release|Win32 = Release|Win32
		Release|x64 = Release|x64
	EndGlobalSection
	GlobalSection(ProjectConfigurationPlatforms) = postSolution
		{09059697-DB0D-44AE-B867-2437B1E3D875}.Debug|Win32.ActiveCfg = Debug|Win32
		{09059697-DB0D-44AE-B867-2437B1E3D875}.Debug|Win32.Build.0 = Debug|Win32
		{09059697-DB0D-44AE-B867-2437B1E3D875}.Debug|x64.ActiveCfg = Debug|Win32
		{09059697-DB0D-44AE-B867-2437B1E3D875}.Release|Win32.ActiveCfg = Release|Win32
		{09059697-DB0D-44AE-B867-2437B1E3D875}.Release|Win32.Build.0 = Release|Win32
		{09059697-DB0D-44AE-B867-2437B1E3D875}.Release|x64.ActiveCfg = Release|Win32
		{DB900E08-5331-46D6-B450-6775A2C7C856}.Debug|Win32.ActiveCfg = Debug|Win32
		{DB900E08-5331-46D6-B450-6775A2C7C856}.Debug|Win32.Build.0 = Debug|Win32
		{DB900E08-5331-46D6-B450-6775A2C7C856}.Debug|x64.ActiveCfg = Debug|x64
		{DB900E08-5331-46D6-B450-6775A2C7C856}.Debug|x64.Build.0 = Debug|x64
		{DB900E08-5331-46D6-B450-6775A2C7C856}.Release|Win32.ActiveCfg = Release|Win32
		{DB900E08-5331-46D6-B450-6775A2C7C856}.Release|Win32.Build.0 = Release|Win32
		{DB900E08-5331-46D6-B450-6775A2C7C856}.Release|x64.ActiveCfg = Release|x64
		{DB900E08-5331-46D6-B450-6775A2C7C856}.Release|x64.Build.0 = Release|x64
	EndGlobalSection
	GlobalSection(SolutionProperties) = preSolution
		HideSolutionNode = FALSE
	EndGlobalSection
	GlobalSection(ExtensibilityGlobals) = postSolution
		SolutionGuid = {7542C8F4-6AE4-4B90-A1DF-145656B6AF6B}
	EndGlobalSection
EndGlobal
